
Microsoft Visual Studio Solution File, Format Version 12.00
# Visual Studio 15
VisualStudioVersion = 15.0.27004.2005
MinimumVisualStudioVersion = 10.0.40219.1
Project("{FAE04EC0-301F-11D3-BF4B-00C04F79EFBC}") = "CrudMVVM.Android", "CrudMVVM\CrudMVVM.Android\CrudMVVM.Android.csproj", "{8A2ABC12-A622-45D3-9418-0553363C91A2}"
EndProject
Project("{FAE04EC0-301F-11D3-BF4B-00C04F79EFBC}") = "CrudMVVM", "CrudMVVM\CrudMVVM\CrudMVVM.csproj", "{B6132246-21DD-4A19-9D6F-FB1A30709F22}"
EndProject
Project("{FAE04EC0-301F-11D3-BF4B-00C04F79EFBC}") = "CrudMVVM.iOS", "CrudMVVM\CrudMVVM.iOS\CrudMVVM.iOS.csproj", "{7510C3EE-9245-4EB5-9B5D-420B9B9B8694}"
EndProject
Global
	GlobalSection(SolutionConfigurationPlatforms) = preSolution
		Ad-Hoc|Any CPU = Ad-Hoc|Any CPU
		Ad-Hoc|iPhone = Ad-Hoc|iPhone
		Ad-Hoc|iPhoneSimulator = Ad-Hoc|iPhoneSimulator
		AppStore|Any CPU = AppStore|Any CPU
		AppStore|iPhone = AppStore|iPhone
		AppStore|iPhoneSimulator = AppStore|iPhoneSimulator
		Debug|Any CPU = Debug|Any CPU
		Debug|iPhone = Debug|iPhone
		Debug|iPhoneSimulator = Debug|iPhoneSimulator
		Release|Any CPU = Release|Any CPU
		Release|iPhone = Release|iPhone
		Release|iPhoneSimulator = Release|iPhoneSimulator
	EndGlobalSection
	GlobalSection(ProjectConfigurationPlatforms) = postSolution
		{8A2ABC12-A622-45D3-9418-0553363C91A2}.Ad-Hoc|Any CPU.ActiveCfg = Release|Any CPU
		{8A2ABC12-A622-45D3-9418-0553363C91A2}.Ad-Hoc|Any CPU.Build.0 = Release|Any CPU
		{8A2ABC12-A622-45D3-9418-0553363C91A2}.Ad-Hoc|Any CPU.Deploy.0 = Release|Any CPU
		{8A2ABC12-A622-45D3-9418-0553363C91A2}.Ad-Hoc|iPhone.ActiveCfg = Release|Any CPU
		{8A2ABC12-A622-45D3-9418-0553363C91A2}.Ad-Hoc|iPhone.Build.0 = Release|Any CPU
		{8A2ABC12-A622-45D3-9418-0553363C91A2}.Ad-Hoc|iPhone.Deploy.0 = Release|Any CPU
		{8A2ABC12-A622-45D3-9418-0553363C91A2}.Ad-Hoc|iPhoneSimulator.ActiveCfg = Release|Any CPU
		{8A2ABC12-A622-45D3-9418-0553363C91A2}.Ad-Hoc|iPhoneSimulator.Build.0 = Release|Any CPU
		{8A2ABC12-A622-45D3-9418-0553363C91A2}.Ad-Hoc|iPhoneSimulator.Deploy.0 = Release|Any CPU
		{8A2ABC12-A622-45D3-9418-0553363C91A2}.AppStore|Any CPU.ActiveCfg = Release|Any CPU
		{8A2ABC12-A622-45D3-9418-0553363C91A2}.AppStore|Any CPU.Build.0 = Release|Any CPU
		{8A2ABC12-A622-45D3-9418-0553363C91A2}.AppStore|Any CPU.Deploy.0 = Release|Any CPU
		{8A2ABC12-A622-45D3-9418-0553363C91A2}.AppStore|iPhone.ActiveCfg = Release|Any CPU
		{8A2ABC12-A622-45D3-9418-0553363C91A2}.AppStore|iPhone.Build.0 = Release|Any CPU
		{8A2ABC12-A622-45D3-9418-0553363C91A2}.AppStore|iPhone.Deploy.0 = Release|Any CPU
		{8A2ABC12-A622-45D3-9418-0553363C91A2}.AppStore|iPhoneSimulator.ActiveCfg = Release|Any CPU
		{8A2ABC12-A622-45D3-9418-0553363C91A2}.AppStore|iPhoneSimulator.Build.0 = Release|Any CPU
		{8A2ABC12-A622-45D3-9418-0553363C91A2}.AppStore|iPhoneSimulator.Deploy.0 = Release|Any CPU
		{8A2ABC12-A622-45D3-9418-0553363C91A2}.Debug|Any CPU.ActiveCfg = Debug|Any CPU
		{8A2ABC12-A622-45D3-9418-0553363C91A2}.Debug|Any CPU.Build.0 = Debug|Any CPU
		{8A2ABC12-A622-45D3-9418-0553363C91A2}.Debug|Any CPU.Deploy.0 = Debug|Any CPU
		{8A2ABC12-A622-45D3-9418-0553363C91A2}.Debug|iPhone.ActiveCfg = Debug|Any CPU
		{8A2ABC12-A622-45D3-9418-0553363C91A2}.Debug|iPhone.Build.0 = Debug|Any CPU
		{8A2ABC12-A622-45D3-9418-0553363C91A2}.Debug|iPhone.Deploy.0 = Debug|Any CPU
		{8A2ABC12-A622-45D3-9418-0553363C91A2}.Debug|iPhoneSimulator.ActiveCfg = Debug|Any CPU
		{8A2ABC12-A622-45D3-9418-0553363C91A2}.Debug|iPhoneSimulator.Build.0 = Debug|Any CPU
		{8A2ABC12-A622-45D3-9418-0553363C91A2}.Debug|iPhoneSimulator.Deploy.0 = Debug|Any CPU
		{8A2ABC12-A622-45D3-9418-0553363C91A2}.Release|Any CPU.ActiveCfg = Release|Any CPU
		{8A2ABC12-A622-45D3-9418-0553363C91A2}.Release|Any CPU.Build.0 = Release|Any CPU
		{8A2ABC12-A622-45D3-9418-0553363C91A2}.Release|Any CPU.Deploy.0 = Release|Any CPU
		{8A2ABC12-A622-45D3-9418-0553363C91A2}.Release|iPhone.ActiveCfg = Release|Any CPU
		{8A2ABC12-A622-45D3-9418-0553363C91A2}.Release|iPhone.Build.0 = Release|Any CPU
		{8A2ABC12-A622-45D3-9418-0553363C91A2}.Release|iPhone.Deploy.0 = Release|Any CPU
		{8A2ABC12-A622-45D3-9418-0553363C91A2}.Release|iPhoneSimulator.ActiveCfg = Release|Any CPU
		{8A2ABC12-A622-45D3-9418-0553363C91A2}.Release|iPhoneSimulator.Build.0 = Release|Any CPU
		{8A2ABC12-A622-45D3-9418-0553363C91A2}.Release|iPhoneSimulator.Deploy.0 = Release|Any CPU
		{B6132246-21DD-4A19-9D6F-FB1A30709F22}.Ad-Hoc|Any CPU.ActiveCfg = Release|Any CPU
		{B6132246-21DD-4A19-9D6F-FB1A30709F22}.Ad-Hoc|Any CPU.Build.0 = Release|Any CPU
		{B6132246-21DD-4A19-9D6F-FB1A30709F22}.Ad-Hoc|iPhone.ActiveCfg = Release|Any CPU
		{B6132246-21DD-4A19-9D6F-FB1A30709F22}.Ad-Hoc|iPhone.Build.0 = Release|Any CPU
		{B6132246-21DD-4A19-9D6F-FB1A30709F22}.Ad-Hoc|iPhoneSimulator.ActiveCfg = Release|Any CPU
		{B6132246-21DD-4A19-9D6F-FB1A30709F22}.Ad-Hoc|iPhoneSimulator.Build.0 = Release|Any CPU
		{B6132246-21DD-4A19-9D6F-FB1A30709F22}.AppStore|Any CPU.ActiveCfg = Release|Any CPU
		{B6132246-21DD-4A19-9D6F-FB1A30709F22}.AppStore|Any CPU.Build.0 = Release|Any CPU
		{B6132246-21DD-4A19-9D6F-FB1A30709F22}.AppStore|iPhone.ActiveCfg = Release|Any CPU
		{B6132246-21DD-4A19-9D6F-FB1A30709F22}.AppStore|iPhone.Build.0 = Release|Any CPU
		{B6132246-21DD-4A19-9D6F-FB1A30709F22}.AppStore|iPhoneSimulator.ActiveCfg = Release|Any CPU
		{B6132246-21DD-4A19-9D6F-FB1A30709F22}.AppStore|iPhoneSimulator.Build.0 = Release|Any CPU
		{B6132246-21DD-4A19-9D6F-FB1A30709F22}.Debug|Any CPU.ActiveCfg = Debug|Any CPU
		{B6132246-21DD-4A19-9D6F-FB1A30709F22}.Debug|Any CPU.Build.0 = Debug|Any CPU
		{B6132246-21DD-4A19-9D6F-FB1A30709F22}.Debug|iPhone.ActiveCfg = Debug|Any CPU
		{B6132246-21DD-4A19-9D6F-FB1A30709F22}.Debug|iPhone.Build.0 = Debug|Any CPU
		{B6132246-21DD-4A19-9D6F-FB1A30709F22}.Debug|iPhoneSimulator.ActiveCfg = Debug|Any CPU
		{B6132246-21DD-4A19-9D6F-FB1A30709F22}.Debug|iPhoneSimulator.Build.0 = Debug|Any CPU
		{B6132246-21DD-4A19-9D6F-FB1A30709F22}.Release|Any CPU.ActiveCfg = Release|Any CPU
		{B6132246-21DD-4A19-9D6F-FB1A30709F22}.Release|Any CPU.Build.0 = Release|Any CPU
		{B6132246-21DD-4A19-9D6F-FB1A30709F22}.Release|iPhone.ActiveCfg = Release|Any CPU
		{B6132246-21DD-4A19-9D6F-FB1A30709F22}.Release|iPhone.Build.0 = Release|Any CPU
		{B6132246-21DD-4A19-9D6F-FB1A30709F22}.Release|iPhoneSimulator.ActiveCfg = Release|Any CPU
		{B6132246-21DD-4A19-9D6F-FB1A30709F22}.Release|iPhoneSimulator.Build.0 = Release|Any CPU
		{7510C3EE-9245-4EB5-9B5D-420B9B9B8694}.Ad-Hoc|Any CPU.ActiveCfg = Ad-Hoc|iPhoneSimulator
		{7510C3EE-9245-4EB5-9B5D-420B9B9B8694}.Ad-Hoc|iPhone.ActiveCfg = Ad-Hoc|iPhone
		{7510C3EE-9245-4EB5-9B5D-420B9B9B8694}.Ad-Hoc|iPhone.Build.0 = Ad-Hoc|iPhone
		{7510C3EE-9245-4EB5-9B5D-420B9B9B8694}.Ad-Hoc|iPhoneSimulator.ActiveCfg = Ad-Hoc|iPhoneSimulator
		{7510C3EE-9245-4EB5-9B5D-420B9B9B8694}.Ad-Hoc|iPhoneSimulator.Build.0 = Ad-Hoc|iPhoneSimulator
		{7510C3EE-9245-4EB5-9B5D-420B9B9B8694}.AppStore|Any CPU.ActiveCfg = AppStore|iPhoneSimulator
		{7510C3EE-9245-4EB5-9B5D-420B9B9B8694}.AppStore|iPhone.ActiveCfg = AppStore|iPhone
		{7510C3EE-9245-4EB5-9B5D-420B9B9B8694}.AppStore|iPhone.Build.0 = AppStore|iPhone
		{7510C3EE-9245-4EB5-9B5D-420B9B9B8694}.AppStore|iPhoneSimulator.ActiveCfg = AppStore|iPhoneSimulator
		{7510C3EE-9245-4EB5-9B5D-420B9B9B8694}.AppStore|iPhoneSimulator.Build.0 = AppStore|iPhoneSimulator
		{7510C3EE-9245-4EB5-9B5D-420B9B9B8694}.Debug|Any CPU.ActiveCfg = Debug|iPhoneSimulator
		{7510C3EE-9245-4EB5-9B5D-420B9B9B8694}.Debug|iPhone.ActiveCfg = Debug|iPhone
		{7510C3EE-9245-4EB5-9B5D-420B9B9B8694}.Debug|iPhone.Build.0 = Debug|iPhone
		{7510C3EE-9245-4EB5-9B5D-420B9B9B8694}.Debug|iPhoneSimulator.ActiveCfg = Debug|iPhoneSimulator
		{7510C3EE-9245-4EB5-9B5D-420B9B9B8694}.Debug|iPhoneSimulator.Build.0 = Debug|iPhoneSimulator
		{7510C3EE-9245-4EB5-9B5D-420B9B9B8694}.Release|Any CPU.ActiveCfg = Release|iPhoneSimulator
		{7510C3EE-9245-4EB5-9B5D-420B9B9B8694}.Release|iPhone.ActiveCfg = Release|iPhone
		{7510C3EE-9245-4EB5-9B5D-420B9B9B8694}.Release|iPhone.Build.0 = Release|iPhone
		{7510C3EE-9245-4EB5-9B5D-420B9B9B8694}.Release|iPhoneSimulator.ActiveCfg = Release|iPhoneSimulator
		{7510C3EE-9245-4EB5-9B5D-420B9B9B8694}.Release|iPhoneSimulator.Build.0 = Release|iPhoneSimulator
	EndGlobalSection
	GlobalSection(SolutionProperties) = preSolution
		HideSolutionNode = FALSE
	EndGlobalSection
	GlobalSection(ExtensibilityGlobals) = postSolution
		SolutionGuid = {1DF85A0B-AA76-499C-A102-DCE43D8C7321}
	EndGlobalSection
EndGlobal
